// !$*UTF8*$!
{
	archiveVersion = 1;
	classes = {
	};
	objectVersion = 55;
	objects = {

/* Begin PBXBuildFile section */
		95C00769FF436488D46328DD /* Pods_Spotify.framework in Frameworks */ = {isa = PBXBuildFile; fileRef = 44B836F1A299ECFA9613A720 /* Pods_Spotify.framework */; };
		E2C7131C2710138100B71518 /* TabBarViewController.swift in Sources */ = {isa = PBXBuildFile; fileRef = E2C7131B2710138100B71518 /* TabBarViewController.swift */; };
		E2C7131E271013BE00B71518 /* SearchViewController.swift in Sources */ = {isa = PBXBuildFile; fileRef = E2C7131D271013BE00B71518 /* SearchViewController.swift */; };
		E2C71320271013CE00B71518 /* LibraryViewController.swift in Sources */ = {isa = PBXBuildFile; fileRef = E2C7131F271013CE00B71518 /* LibraryViewController.swift */; };
		E2C713242710140100B71518 /* AuthViewController.swift in Sources */ = {isa = PBXBuildFile; fileRef = E2C713232710140100B71518 /* AuthViewController.swift */; };
		E2C713262710140800B71518 /* WelcomeViewController.swift in Sources */ = {isa = PBXBuildFile; fileRef = E2C713252710140800B71518 /* WelcomeViewController.swift */; };
		E2C713282710141600B71518 /* SettingsViewController.swift in Sources */ = {isa = PBXBuildFile; fileRef = E2C713272710141600B71518 /* SettingsViewController.swift */; };
		E2C7132A2710142000B71518 /* ProfileViewController.swift in Sources */ = {isa = PBXBuildFile; fileRef = E2C713292710142000B71518 /* ProfileViewController.swift */; };
		E2C7132C2710142C00B71518 /* PlayerViewController.swift in Sources */ = {isa = PBXBuildFile; fileRef = E2C7132B2710142C00B71518 /* PlayerViewController.swift */; };
		E2C7132E2710143900B71518 /* PlaylistViewController.swift in Sources */ = {isa = PBXBuildFile; fileRef = E2C7132D2710143900B71518 /* PlaylistViewController.swift */; };
		E2C713302710145100B71518 /* SearchResultsViewController.swift in Sources */ = {isa = PBXBuildFile; fileRef = E2C7132F2710145100B71518 /* SearchResultsViewController.swift */; };
		E2C713322710146B00B71518 /* AuthManager.swift in Sources */ = {isa = PBXBuildFile; fileRef = E2C713312710146B00B71518 /* AuthManager.swift */; };
		E2C713342710147A00B71518 /* ApiCaller.swift in Sources */ = {isa = PBXBuildFile; fileRef = E2C713332710147A00B71518 /* ApiCaller.swift */; };
		E2C713362710148400B71518 /* HapticsManager.swift in Sources */ = {isa = PBXBuildFile; fileRef = E2C713352710148400B71518 /* HapticsManager.swift */; };
		E2C713382710149C00B71518 /* Playlist.swift in Sources */ = {isa = PBXBuildFile; fileRef = E2C713372710149C00B71518 /* Playlist.swift */; };
		E2C7133A271014A700B71518 /* AudioTrack.swift in Sources */ = {isa = PBXBuildFile; fileRef = E2C71339271014A700B71518 /* AudioTrack.swift */; };
		E2C7133C271014B800B71518 /* Artist.swift in Sources */ = {isa = PBXBuildFile; fileRef = E2C7133B271014B800B71518 /* Artist.swift */; };
		E2C7133E271014BE00B71518 /* UserProfile.swift in Sources */ = {isa = PBXBuildFile; fileRef = E2C7133D271014BE00B71518 /* UserProfile.swift */; };
		E2C713402710214C00B71518 /* Extensions.swift in Sources */ = {isa = PBXBuildFile; fileRef = E2C7133F2710214B00B71518 /* Extensions.swift */; };
		E2C713422717C45300B71518 /* AuthResponse.swift in Sources */ = {isa = PBXBuildFile; fileRef = E2C713412717C45300B71518 /* AuthResponse.swift */; };
		E2C713442717FEF000B71518 /* SettingsModels.swift in Sources */ = {isa = PBXBuildFile; fileRef = E2C713432717FEF000B71518 /* SettingsModels.swift */; };
		E2C7134627193DC400B71518 /* NewReleasesResponse.swift in Sources */ = {isa = PBXBuildFile; fileRef = E2C7134527193DC400B71518 /* NewReleasesResponse.swift */; };
		E2C7134827193E9200B71518 /* UserImage.swift in Sources */ = {isa = PBXBuildFile; fileRef = E2C7134727193E9200B71518 /* UserImage.swift */; };
		E2C7134B2719451C00B71518 /* FeaturedPlaylistsResponse.swift in Sources */ = {isa = PBXBuildFile; fileRef = E2C7134A2719451C00B71518 /* FeaturedPlaylistsResponse.swift */; };
		E2C7134D2719481A00B71518 /* RecommendedGenresResponse.swift in Sources */ = {isa = PBXBuildFile; fileRef = E2C7134C2719481A00B71518 /* RecommendedGenresResponse.swift */; };
		E2C7134F27194B1300B71518 /* RecommendationsResponse.swift in Sources */ = {isa = PBXBuildFile; fileRef = E2C7134E27194B1300B71518 /* RecommendationsResponse.swift */; };
		E2C7135427195B8B00B71518 /* NewReleasesCollectionViewCell.swift in Sources */ = {isa = PBXBuildFile; fileRef = E2C7135327195B8B00B71518 /* NewReleasesCollectionViewCell.swift */; };
		E2C7135627195BA900B71518 /* FeaturedPlaylistsCollectionViewCell.swift in Sources */ = {isa = PBXBuildFile; fileRef = E2C7135527195BA900B71518 /* FeaturedPlaylistsCollectionViewCell.swift */; };
		E2C7135827195BBF00B71518 /* RecommendedTracksCollectionViewCell.swift in Sources */ = {isa = PBXBuildFile; fileRef = E2C7135727195BBF00B71518 /* RecommendedTracksCollectionViewCell.swift */; };
		E2C7135A2719668500B71518 /* NewReleasesCellViewModel.swift in Sources */ = {isa = PBXBuildFile; fileRef = E2C713592719668500B71518 /* NewReleasesCellViewModel.swift */; };
		E2C9CD542720F22600D7F22E /* FeaturedPlaylistsCellViewModel.swift in Sources */ = {isa = PBXBuildFile; fileRef = E2C9CD532720F22600D7F22E /* FeaturedPlaylistsCellViewModel.swift */; };
		E2C9CD562720F28300D7F22E /* RecommendedTracksCellViewModel.swift in Sources */ = {isa = PBXBuildFile; fileRef = E2C9CD552720F28300D7F22E /* RecommendedTracksCellViewModel.swift */; };
		E2C9CD582721077B00D7F22E /* AlbumViewController.swift in Sources */ = {isa = PBXBuildFile; fileRef = E2C9CD572721077B00D7F22E /* AlbumViewController.swift */; };
		E2C9CD5A27210AC700D7F22E /* AlbumDetailsResponse.swift in Sources */ = {isa = PBXBuildFile; fileRef = E2C9CD5927210AC700D7F22E /* AlbumDetailsResponse.swift */; };
		E2C9CD5C27210ED500D7F22E /* PlaylistDetailsResponse.swift in Sources */ = {isa = PBXBuildFile; fileRef = E2C9CD5B27210ED500D7F22E /* PlaylistDetailsResponse.swift */; };
		E2C9CD5E27223D3E00D7F22E /* PlaylistHeaderCollectionReusableView.swift in Sources */ = {isa = PBXBuildFile; fileRef = E2C9CD5D27223D3D00D7F22E /* PlaylistHeaderCollectionReusableView.swift */; };
		E2C9CD6027223FC000D7F22E /* PlaylistHeaderViewModel.swift in Sources */ = {isa = PBXBuildFile; fileRef = E2C9CD5F27223FC000D7F22E /* PlaylistHeaderViewModel.swift */; };
		E2C9CD62272280A400D7F22E /* TitleHeaderCollectionReusableView.swift in Sources */ = {isa = PBXBuildFile; fileRef = E2C9CD61272280A400D7F22E /* TitleHeaderCollectionReusableView.swift */; };
		E2C9CD642722911800D7F22E /* AlbumTrackCollectionViewCell.swift in Sources */ = {isa = PBXBuildFile; fileRef = E2C9CD632722911800D7F22E /* AlbumTrackCollectionViewCell.swift */; };
		E2C9CD66272291EF00D7F22E /* AlbumCellViewModel.swift in Sources */ = {isa = PBXBuildFile; fileRef = E2C9CD65272291EF00D7F22E /* AlbumCellViewModel.swift */; };
		E2E15591271010B800DC0AAD /* AppDelegate.swift in Sources */ = {isa = PBXBuildFile; fileRef = E2E15590271010B800DC0AAD /* AppDelegate.swift */; };
		E2E15593271010B800DC0AAD /* SceneDelegate.swift in Sources */ = {isa = PBXBuildFile; fileRef = E2E15592271010B800DC0AAD /* SceneDelegate.swift */; };
		E2E15595271010B800DC0AAD /* HomeViewController.swift in Sources */ = {isa = PBXBuildFile; fileRef = E2E15594271010B800DC0AAD /* HomeViewController.swift */; };
		E2E1559A271010BD00DC0AAD /* Assets.xcassets in Resources */ = {isa = PBXBuildFile; fileRef = E2E15599271010BD00DC0AAD /* Assets.xcassets */; };
		E2E1559D271010BD00DC0AAD /* LaunchScreen.storyboard in Resources */ = {isa = PBXBuildFile; fileRef = E2E1559B271010BD00DC0AAD /* LaunchScreen.storyboard */; };
/* End PBXBuildFile section */

/* Begin PBXFileReference section */
		44B836F1A299ECFA9613A720 /* Pods_Spotify.framework */ = {isa = PBXFileReference; explicitFileType = wrapper.framework; includeInIndex = 0; path = Pods_Spotify.framework; sourceTree = BUILT_PRODUCTS_DIR; };
		B0B9021FFD916AA42D5DD1F9 /* Pods-Spotify.debug.xcconfig */ = {isa = PBXFileReference; includeInIndex = 1; lastKnownFileType = text.xcconfig; name = "Pods-Spotify.debug.xcconfig"; path = "Target Support Files/Pods-Spotify/Pods-Spotify.debug.xcconfig"; sourceTree = "<group>"; };
		E2C7131B2710138100B71518 /* TabBarViewController.swift */ = {isa = PBXFileReference; lastKnownFileType = sourcecode.swift; path = TabBarViewController.swift; sourceTree = "<group>"; };
		E2C7131D271013BE00B71518 /* SearchViewController.swift */ = {isa = PBXFileReference; lastKnownFileType = sourcecode.swift; path = SearchViewController.swift; sourceTree = "<group>"; };
		E2C7131F271013CE00B71518 /* LibraryViewController.swift */ = {isa = PBXFileReference; lastKnownFileType = sourcecode.swift; path = LibraryViewController.swift; sourceTree = "<group>"; };
		E2C713232710140100B71518 /* AuthViewController.swift */ = {isa = PBXFileReference; lastKnownFileType = sourcecode.swift; path = AuthViewController.swift; sourceTree = "<group>"; };
		E2C713252710140800B71518 /* WelcomeViewController.swift */ = {isa = PBXFileReference; lastKnownFileType = sourcecode.swift; path = WelcomeViewController.swift; sourceTree = "<group>"; };
		E2C713272710141600B71518 /* SettingsViewController.swift */ = {isa = PBXFileReference; lastKnownFileType = sourcecode.swift; path = SettingsViewController.swift; sourceTree = "<group>"; };
		E2C713292710142000B71518 /* ProfileViewController.swift */ = {isa = PBXFileReference; lastKnownFileType = sourcecode.swift; path = ProfileViewController.swift; sourceTree = "<group>"; };
		E2C7132B2710142C00B71518 /* PlayerViewController.swift */ = {isa = PBXFileReference; lastKnownFileType = sourcecode.swift; path = PlayerViewController.swift; sourceTree = "<group>"; };
		E2C7132D2710143900B71518 /* PlaylistViewController.swift */ = {isa = PBXFileReference; lastKnownFileType = sourcecode.swift; path = PlaylistViewController.swift; sourceTree = "<group>"; };
		E2C7132F2710145100B71518 /* SearchResultsViewController.swift */ = {isa = PBXFileReference; lastKnownFileType = sourcecode.swift; path = SearchResultsViewController.swift; sourceTree = "<group>"; };
		E2C713312710146B00B71518 /* AuthManager.swift */ = {isa = PBXFileReference; lastKnownFileType = sourcecode.swift; path = AuthManager.swift; sourceTree = "<group>"; };
		E2C713332710147A00B71518 /* ApiCaller.swift */ = {isa = PBXFileReference; lastKnownFileType = sourcecode.swift; path = ApiCaller.swift; sourceTree = "<group>"; };
		E2C713352710148400B71518 /* HapticsManager.swift */ = {isa = PBXFileReference; lastKnownFileType = sourcecode.swift; path = HapticsManager.swift; sourceTree = "<group>"; };
		E2C713372710149C00B71518 /* Playlist.swift */ = {isa = PBXFileReference; lastKnownFileType = sourcecode.swift; path = Playlist.swift; sourceTree = "<group>"; };
		E2C71339271014A700B71518 /* AudioTrack.swift */ = {isa = PBXFileReference; lastKnownFileType = sourcecode.swift; path = AudioTrack.swift; sourceTree = "<group>"; };
		E2C7133B271014B800B71518 /* Artist.swift */ = {isa = PBXFileReference; lastKnownFileType = sourcecode.swift; path = Artist.swift; sourceTree = "<group>"; };
		E2C7133D271014BE00B71518 /* UserProfile.swift */ = {isa = PBXFileReference; lastKnownFileType = sourcecode.swift; path = UserProfile.swift; sourceTree = "<group>"; };
		E2C7133F2710214B00B71518 /* Extensions.swift */ = {isa = PBXFileReference; lastKnownFileType = sourcecode.swift; path = Extensions.swift; sourceTree = "<group>"; };
		E2C713412717C45300B71518 /* AuthResponse.swift */ = {isa = PBXFileReference; lastKnownFileType = sourcecode.swift; path = AuthResponse.swift; sourceTree = "<group>"; };
		E2C713432717FEF000B71518 /* SettingsModels.swift */ = {isa = PBXFileReference; lastKnownFileType = sourcecode.swift; path = SettingsModels.swift; sourceTree = "<group>"; };
		E2C7134527193DC400B71518 /* NewReleasesResponse.swift */ = {isa = PBXFileReference; lastKnownFileType = sourcecode.swift; path = NewReleasesResponse.swift; sourceTree = "<group>"; };
		E2C7134727193E9200B71518 /* UserImage.swift */ = {isa = PBXFileReference; lastKnownFileType = sourcecode.swift; path = UserImage.swift; sourceTree = "<group>"; };
		E2C7134A2719451C00B71518 /* FeaturedPlaylistsResponse.swift */ = {isa = PBXFileReference; lastKnownFileType = sourcecode.swift; path = FeaturedPlaylistsResponse.swift; sourceTree = "<group>"; };
		E2C7134C2719481A00B71518 /* RecommendedGenresResponse.swift */ = {isa = PBXFileReference; lastKnownFileType = sourcecode.swift; path = RecommendedGenresResponse.swift; sourceTree = "<group>"; };
		E2C7134E27194B1300B71518 /* RecommendationsResponse.swift */ = {isa = PBXFileReference; lastKnownFileType = sourcecode.swift; path = RecommendationsResponse.swift; sourceTree = "<group>"; };
		E2C7135327195B8B00B71518 /* NewReleasesCollectionViewCell.swift */ = {isa = PBXFileReference; lastKnownFileType = sourcecode.swift; path = NewReleasesCollectionViewCell.swift; sourceTree = "<group>"; };
		E2C7135527195BA900B71518 /* FeaturedPlaylistsCollectionViewCell.swift */ = {isa = PBXFileReference; lastKnownFileType = sourcecode.swift; path = FeaturedPlaylistsCollectionViewCell.swift; sourceTree = "<group>"; };
		E2C7135727195BBF00B71518 /* RecommendedTracksCollectionViewCell.swift */ = {isa = PBXFileReference; lastKnownFileType = sourcecode.swift; path = RecommendedTracksCollectionViewCell.swift; sourceTree = "<group>"; };
		E2C713592719668500B71518 /* NewReleasesCellViewModel.swift */ = {isa = PBXFileReference; lastKnownFileType = sourcecode.swift; path = NewReleasesCellViewModel.swift; sourceTree = "<group>"; };
		E2C9CD532720F22600D7F22E /* FeaturedPlaylistsCellViewModel.swift */ = {isa = PBXFileReference; lastKnownFileType = sourcecode.swift; path = FeaturedPlaylistsCellViewModel.swift; sourceTree = "<group>"; };
		E2C9CD552720F28300D7F22E /* RecommendedTracksCellViewModel.swift */ = {isa = PBXFileReference; lastKnownFileType = sourcecode.swift; path = RecommendedTracksCellViewModel.swift; sourceTree = "<group>"; };
		E2C9CD572721077B00D7F22E /* AlbumViewController.swift */ = {isa = PBXFileReference; lastKnownFileType = sourcecode.swift; path = AlbumViewController.swift; sourceTree = "<group>"; };
		E2C9CD5927210AC700D7F22E /* AlbumDetailsResponse.swift */ = {isa = PBXFileReference; lastKnownFileType = sourcecode.swift; path = AlbumDetailsResponse.swift; sourceTree = "<group>"; };
		E2C9CD5B27210ED500D7F22E /* PlaylistDetailsResponse.swift */ = {isa = PBXFileReference; lastKnownFileType = sourcecode.swift; path = PlaylistDetailsResponse.swift; sourceTree = "<group>"; };
		E2C9CD5D27223D3D00D7F22E /* PlaylistHeaderCollectionReusableView.swift */ = {isa = PBXFileReference; lastKnownFileType = sourcecode.swift; path = PlaylistHeaderCollectionReusableView.swift; sourceTree = "<group>"; };
		E2C9CD5F27223FC000D7F22E /* PlaylistHeaderViewModel.swift */ = {isa = PBXFileReference; lastKnownFileType = sourcecode.swift; path = PlaylistHeaderViewModel.swift; sourceTree = "<group>"; };
		E2C9CD61272280A400D7F22E /* TitleHeaderCollectionReusableView.swift */ = {isa = PBXFileReference; lastKnownFileType = sourcecode.swift; path = TitleHeaderCollectionReusableView.swift; sourceTree = "<group>"; };
		E2C9CD632722911800D7F22E /* AlbumTrackCollectionViewCell.swift */ = {isa = PBXFileReference; lastKnownFileType = sourcecode.swift; path = AlbumTrackCollectionViewCell.swift; sourceTree = "<group>"; };
		E2C9CD65272291EF00D7F22E /* AlbumCellViewModel.swift */ = {isa = PBXFileReference; lastKnownFileType = sourcecode.swift; path = AlbumCellViewModel.swift; sourceTree = "<group>"; };
		E2E1558D271010B800DC0AAD /* Spotify.app */ = {isa = PBXFileReference; explicitFileType = wrapper.application; includeInIndex = 0; path = Spotify.app; sourceTree = BUILT_PRODUCTS_DIR; };
		E2E15590271010B800DC0AAD /* AppDelegate.swift */ = {isa = PBXFileReference; lastKnownFileType = sourcecode.swift; path = AppDelegate.swift; sourceTree = "<group>"; };
		E2E15592271010B800DC0AAD /* SceneDelegate.swift */ = {isa = PBXFileReference; lastKnownFileType = sourcecode.swift; path = SceneDelegate.swift; sourceTree = "<group>"; };
		E2E15594271010B800DC0AAD /* HomeViewController.swift */ = {isa = PBXFileReference; lastKnownFileType = sourcecode.swift; path = HomeViewController.swift; sourceTree = "<group>"; };
		E2E15599271010BD00DC0AAD /* Assets.xcassets */ = {isa = PBXFileReference; lastKnownFileType = folder.assetcatalog; path = Assets.xcassets; sourceTree = "<group>"; };
		E2E1559C271010BD00DC0AAD /* Base */ = {isa = PBXFileReference; lastKnownFileType = file.storyboard; name = Base; path = Base.lproj/LaunchScreen.storyboard; sourceTree = "<group>"; };
		E2E1559E271010BD00DC0AAD /* Info.plist */ = {isa = PBXFileReference; lastKnownFileType = text.plist.xml; path = Info.plist; sourceTree = "<group>"; };
		F9BD1B3346EA192953C2F8B9 /* Pods-Spotify.release.xcconfig */ = {isa = PBXFileReference; includeInIndex = 1; lastKnownFileType = text.xcconfig; name = "Pods-Spotify.release.xcconfig"; path = "Target Support Files/Pods-Spotify/Pods-Spotify.release.xcconfig"; sourceTree = "<group>"; };
/* End PBXFileReference section */

/* Begin PBXFrameworksBuildPhase section */
		E2E1558A271010B800DC0AAD /* Frameworks */ = {
			isa = PBXFrameworksBuildPhase;
			buildActionMask = 2147483647;
			files = (
				95C00769FF436488D46328DD /* Pods_Spotify.framework in Frameworks */,
			);
			runOnlyForDeploymentPostprocessing = 0;
		};
/* End PBXFrameworksBuildPhase section */

/* Begin PBXGroup section */
		0248BD71BEB58C671B3D4480 /* Pods */ = {
			isa = PBXGroup;
			children = (
				B0B9021FFD916AA42D5DD1F9 /* Pods-Spotify.debug.xcconfig */,
				F9BD1B3346EA192953C2F8B9 /* Pods-Spotify.release.xcconfig */,
			);
			path = Pods;
			sourceTree = "<group>";
		};
		5546380DD6DCD4EA59CAB909 /* Frameworks */ = {
			isa = PBXGroup;
			children = (
				44B836F1A299ECFA9613A720 /* Pods_Spotify.framework */,
			);
			name = Frameworks;
			sourceTree = "<group>";
		};
		E2C71321271013DA00B71518 /* Core */ = {
			isa = PBXGroup;
			children = (
				E2C7131B2710138100B71518 /* TabBarViewController.swift */,
				E2E15594271010B800DC0AAD /* HomeViewController.swift */,
				E2C7131D271013BE00B71518 /* SearchViewController.swift */,
				E2C7131F271013CE00B71518 /* LibraryViewController.swift */,
			);
			path = Core;
			sourceTree = "<group>";
		};
		E2C71322271013EA00B71518 /* Other */ = {
			isa = PBXGroup;
			children = (
				E2C713232710140100B71518 /* AuthViewController.swift */,
				E2C713252710140800B71518 /* WelcomeViewController.swift */,
				E2C713272710141600B71518 /* SettingsViewController.swift */,
				E2C713292710142000B71518 /* ProfileViewController.swift */,
				E2C7132B2710142C00B71518 /* PlayerViewController.swift */,
				E2C7132D2710143900B71518 /* PlaylistViewController.swift */,
				E2C7132F2710145100B71518 /* SearchResultsViewController.swift */,
				E2C9CD572721077B00D7F22E /* AlbumViewController.swift */,
			);
			path = Other;
			sourceTree = "<group>";
		};
		E2C7135027195B2C00B71518 /* Browse */ = {
			isa = PBXGroup;
			children = (
				E2C7135327195B8B00B71518 /* NewReleasesCollectionViewCell.swift */,
				E2C7135527195BA900B71518 /* FeaturedPlaylistsCollectionViewCell.swift */,
				E2C7135727195BBF00B71518 /* RecommendedTracksCollectionViewCell.swift */,
				E2C9CD632722911800D7F22E /* AlbumTrackCollectionViewCell.swift */,
			);
			path = Browse;
			sourceTree = "<group>";
		};
		E2E15584271010B800DC0AAD = {
			isa = PBXGroup;
			children = (
				E2E1558F271010B800DC0AAD /* Spotify */,
				E2E1558E271010B800DC0AAD /* Products */,
				0248BD71BEB58C671B3D4480 /* Pods */,
				5546380DD6DCD4EA59CAB909 /* Frameworks */,
			);
			sourceTree = "<group>";
		};
		E2E1558E271010B800DC0AAD /* Products */ = {
			isa = PBXGroup;
			children = (
				E2E1558D271010B800DC0AAD /* Spotify.app */,
			);
			name = Products;
			sourceTree = "<group>";
		};
		E2E1558F271010B800DC0AAD /* Spotify */ = {
			isa = PBXGroup;
			children = (
				E2E155A92710114300DC0AAD /* Resources */,
				E2E155A82710113D00DC0AAD /* Managers */,
				E2E155A72710113400DC0AAD /* ViewModels */,
				E2E155A62710112C00DC0AAD /* Models */,
				E2E155A52710112600DC0AAD /* Views */,
				E2E155A42710111A00DC0AAD /* Controllers */,
				E2E1559E271010BD00DC0AAD /* Info.plist */,
			);
			path = Spotify;
			sourceTree = "<group>";
		};
		E2E155A42710111A00DC0AAD /* Controllers */ = {
			isa = PBXGroup;
			children = (
				E2C71322271013EA00B71518 /* Other */,
				E2C71321271013DA00B71518 /* Core */,
			);
			path = Controllers;
			sourceTree = "<group>";
		};
		E2E155A52710112600DC0AAD /* Views */ = {
			isa = PBXGroup;
			children = (
				E2C7135027195B2C00B71518 /* Browse */,
				E2E1559B271010BD00DC0AAD /* LaunchScreen.storyboard */,
				E2C9CD5D27223D3D00D7F22E /* PlaylistHeaderCollectionReusableView.swift */,
				E2C9CD61272280A400D7F22E /* TitleHeaderCollectionReusableView.swift */,
			);
			path = Views;
			sourceTree = "<group>";
		};
		E2E155A62710112C00DC0AAD /* Models */ = {
			isa = PBXGroup;
			children = (
				E2C713372710149C00B71518 /* Playlist.swift */,
				E2C71339271014A700B71518 /* AudioTrack.swift */,
				E2C7133B271014B800B71518 /* Artist.swift */,
				E2C7133D271014BE00B71518 /* UserProfile.swift */,
				E2C713412717C45300B71518 /* AuthResponse.swift */,
				E2C713432717FEF000B71518 /* SettingsModels.swift */,
				E2C7134527193DC400B71518 /* NewReleasesResponse.swift */,
				E2C7134727193E9200B71518 /* UserImage.swift */,
				E2C7134A2719451C00B71518 /* FeaturedPlaylistsResponse.swift */,
				E2C7134C2719481A00B71518 /* RecommendedGenresResponse.swift */,
				E2C7134E27194B1300B71518 /* RecommendationsResponse.swift */,
				E2C9CD5927210AC700D7F22E /* AlbumDetailsResponse.swift */,
				E2C9CD5B27210ED500D7F22E /* PlaylistDetailsResponse.swift */,
			);
			path = Models;
			sourceTree = "<group>";
		};
		E2E155A72710113400DC0AAD /* ViewModels */ = {
			isa = PBXGroup;
			children = (
				E2C713592719668500B71518 /* NewReleasesCellViewModel.swift */,
				E2C9CD532720F22600D7F22E /* FeaturedPlaylistsCellViewModel.swift */,
				E2C9CD552720F28300D7F22E /* RecommendedTracksCellViewModel.swift */,
				E2C9CD5F27223FC000D7F22E /* PlaylistHeaderViewModel.swift */,
				E2C9CD65272291EF00D7F22E /* AlbumCellViewModel.swift */,
			);
			path = ViewModels;
			sourceTree = "<group>";
		};
		E2E155A82710113D00DC0AAD /* Managers */ = {
			isa = PBXGroup;
			children = (
				E2C713312710146B00B71518 /* AuthManager.swift */,
				E2C713332710147A00B71518 /* ApiCaller.swift */,
				E2C713352710148400B71518 /* HapticsManager.swift */,
			);
			path = Managers;
			sourceTree = "<group>";
		};
		E2E155A92710114300DC0AAD /* Resources */ = {
			isa = PBXGroup;
			children = (
				E2E15599271010BD00DC0AAD /* Assets.xcassets */,
				E2E15590271010B800DC0AAD /* AppDelegate.swift */,
				E2E15592271010B800DC0AAD /* SceneDelegate.swift */,
				E2C7133F2710214B00B71518 /* Extensions.swift */,
			);
			path = Resources;
			sourceTree = "<group>";
		};
/* End PBXGroup section */

/* Begin PBXNativeTarget section */
		E2E1558C271010B800DC0AAD /* Spotify */ = {
			isa = PBXNativeTarget;
			buildConfigurationList = E2E155A1271010BD00DC0AAD /* Build configuration list for PBXNativeTarget "Spotify" */;
			buildPhases = (
				0E986E310D20F4E64E4D5DDB /* [CP] Check Pods Manifest.lock */,
				E2E15589271010B800DC0AAD /* Sources */,
				E2E1558A271010B800DC0AAD /* Frameworks */,
				E2E1558B271010B800DC0AAD /* Resources */,
				D8699F797DCF675C4473CD7D /* [CP] Embed Pods Frameworks */,
			);
			buildRules = (
			);
			dependencies = (
			);
			name = Spotify;
			productName = Spotify;
			productReference = E2E1558D271010B800DC0AAD /* Spotify.app */;
			productType = "com.apple.product-type.application";
		};
/* End PBXNativeTarget section */

/* Begin PBXProject section */
		E2E15585271010B800DC0AAD /* Project object */ = {
			isa = PBXProject;
			attributes = {
				BuildIndependentTargetsInParallel = 1;
				LastSwiftUpdateCheck = 1300;
				LastUpgradeCheck = 1300;
				TargetAttributes = {
					E2E1558C271010B800DC0AAD = {
						CreatedOnToolsVersion = 13.0;
					};
				};
			};
			buildConfigurationList = E2E15588271010B800DC0AAD /* Build configuration list for PBXProject "Spotify" */;
			compatibilityVersion = "Xcode 13.0";
			developmentRegion = en;
			hasScannedForEncodings = 0;
			knownRegions = (
				en,
				Base,
			);
			mainGroup = E2E15584271010B800DC0AAD;
			productRefGroup = E2E1558E271010B800DC0AAD /* Products */;
			projectDirPath = "";
			projectRoot = "";
			targets = (
				E2E1558C271010B800DC0AAD /* Spotify */,
			);
		};
/* End PBXProject section */

/* Begin PBXResourcesBuildPhase section */
		E2E1558B271010B800DC0AAD /* Resources */ = {
			isa = PBXResourcesBuildPhase;
			buildActionMask = 2147483647;
			files = (
				E2E1559D271010BD00DC0AAD /* LaunchScreen.storyboard in Resources */,
				E2E1559A271010BD00DC0AAD /* Assets.xcassets in Resources */,
			);
			runOnlyForDeploymentPostprocessing = 0;
		};
/* End PBXResourcesBuildPhase section */

/* Begin PBXShellScriptBuildPhase section */
		0E986E310D20F4E64E4D5DDB /* [CP] Check Pods Manifest.lock */ = {
			isa = PBXShellScriptBuildPhase;
			buildActionMask = 2147483647;
			files = (
			);
			inputFileListPaths = (
			);
			inputPaths = (
				"${PODS_PODFILE_DIR_PATH}/Podfile.lock",
				"${PODS_ROOT}/Manifest.lock",
			);
			name = "[CP] Check Pods Manifest.lock";
			outputFileListPaths = (
			);
			outputPaths = (
				"$(DERIVED_FILE_DIR)/Pods-Spotify-checkManifestLockResult.txt",
			);
			runOnlyForDeploymentPostprocessing = 0;
			shellPath = /bin/sh;
			shellScript = "diff \"${PODS_PODFILE_DIR_PATH}/Podfile.lock\" \"${PODS_ROOT}/Manifest.lock\" > /dev/null\nif [ $? != 0 ] ; then\n    # print error to STDERR\n    echo \"error: The sandbox is not in sync with the Podfile.lock. Run 'pod install' or update your CocoaPods installation.\" >&2\n    exit 1\nfi\n# This output is used by Xcode 'outputs' to avoid re-running this script phase.\necho \"SUCCESS\" > \"${SCRIPT_OUTPUT_FILE_0}\"\n";
			showEnvVarsInLog = 0;
		};
		D8699F797DCF675C4473CD7D /* [CP] Embed Pods Frameworks */ = {
			isa = PBXShellScriptBuildPhase;
			buildActionMask = 2147483647;
			files = (
			);
			inputFileListPaths = (
				"${PODS_ROOT}/Target Support Files/Pods-Spotify/Pods-Spotify-frameworks-${CONFIGURATION}-input-files.xcfilelist",
			);
			name = "[CP] Embed Pods Frameworks";
			outputFileListPaths = (
				"${PODS_ROOT}/Target Support Files/Pods-Spotify/Pods-Spotify-frameworks-${CONFIGURATION}-output-files.xcfilelist",
			);
			runOnlyForDeploymentPostprocessing = 0;
			shellPath = /bin/sh;
			shellScript = "\"${PODS_ROOT}/Target Support Files/Pods-Spotify/Pods-Spotify-frameworks.sh\"\n";
			showEnvVarsInLog = 0;
		};
/* End PBXShellScriptBuildPhase section */

/* Begin PBXSourcesBuildPhase section */
		E2E15589271010B800DC0AAD /* Sources */ = {
			isa = PBXSourcesBuildPhase;
			buildActionMask = 2147483647;
			files = (
				E2C7131E271013BE00B71518 /* SearchViewController.swift in Sources */,
				E2C9CD5C27210ED500D7F22E /* PlaylistDetailsResponse.swift in Sources */,
				E2C7135827195BBF00B71518 /* RecommendedTracksCollectionViewCell.swift in Sources */,
				E2C713382710149C00B71518 /* Playlist.swift in Sources */,
				E2C7135A2719668500B71518 /* NewReleasesCellViewModel.swift in Sources */,
				E2C9CD66272291EF00D7F22E /* AlbumCellViewModel.swift in Sources */,
				E2C713322710146B00B71518 /* AuthManager.swift in Sources */,
				E2C713302710145100B71518 /* SearchResultsViewController.swift in Sources */,
				E2C9CD62272280A400D7F22E /* TitleHeaderCollectionReusableView.swift in Sources */,
				E2C9CD582721077B00D7F22E /* AlbumViewController.swift in Sources */,
				E2C713262710140800B71518 /* WelcomeViewController.swift in Sources */,
				E2C7132A2710142000B71518 /* ProfileViewController.swift in Sources */,
				E2C7131C2710138100B71518 /* TabBarViewController.swift in Sources */,
				E2C9CD562720F28300D7F22E /* RecommendedTracksCellViewModel.swift in Sources */,
				E2C713362710148400B71518 /* HapticsManager.swift in Sources */,
				E2C713422717C45300B71518 /* AuthResponse.swift in Sources */,
				E2C7135427195B8B00B71518 /* NewReleasesCollectionViewCell.swift in Sources */,
				E2C7134627193DC400B71518 /* NewReleasesResponse.swift in Sources */,
				E2C7134827193E9200B71518 /* UserImage.swift in Sources */,
				E2C7134F27194B1300B71518 /* RecommendationsResponse.swift in Sources */,
				E2C9CD642722911800D7F22E /* AlbumTrackCollectionViewCell.swift in Sources */,
				E2C9CD542720F22600D7F22E /* FeaturedPlaylistsCellViewModel.swift in Sources */,
				E2C7133A271014A700B71518 /* AudioTrack.swift in Sources */,
				E2E15595271010B800DC0AAD /* HomeViewController.swift in Sources */,
				E2C713242710140100B71518 /* AuthViewController.swift in Sources */,
				E2C713442717FEF000B71518 /* SettingsModels.swift in Sources */,
				E2E15591271010B800DC0AAD /* AppDelegate.swift in Sources */,
				E2C7133E271014BE00B71518 /* UserProfile.swift in Sources */,
				E2C713402710214C00B71518 /* Extensions.swift in Sources */,
				E2C9CD5E27223D3E00D7F22E /* PlaylistHeaderCollectionReusableView.swift in Sources */,
				E2C71320271013CE00B71518 /* LibraryViewController.swift in Sources */,
				E2C7133C271014B800B71518 /* Artist.swift in Sources */,
				E2C7132E2710143900B71518 /* PlaylistViewController.swift in Sources */,
				E2C9CD6027223FC000D7F22E /* PlaylistHeaderViewModel.swift in Sources */,
				E2E15593271010B800DC0AAD /* SceneDelegate.swift in Sources */,
				E2C7135627195BA900B71518 /* FeaturedPlaylistsCollectionViewCell.swift in Sources */,
				E2C7132C2710142C00B71518 /* PlayerViewController.swift in Sources */,
				E2C9CD5A27210AC700D7F22E /* AlbumDetailsResponse.swift in Sources */,
				E2C713342710147A00B71518 /* ApiCaller.swift in Sources */,
				E2C7134B2719451C00B71518 /* FeaturedPlaylistsResponse.swift in Sources */,
				E2C713282710141600B71518 /* SettingsViewController.swift in Sources */,
				E2C7134D2719481A00B71518 /* RecommendedGenresResponse.swift in Sources */,
			);
			runOnlyForDeploymentPostprocessing = 0;
		};
/* End PBXSourcesBuildPhase section */

/* Begin PBXVariantGroup section */
		E2E1559B271010BD00DC0AAD /* LaunchScreen.storyboard */ = {
			isa = PBXVariantGroup;
			children = (
				E2E1559C271010BD00DC0AAD /* Base */,
			);
			name = LaunchScreen.storyboard;
			sourceTree = "<group>";
		};
/* End PBXVariantGroup section */

/* Begin XCBuildConfiguration section */
		E2E1559F271010BD00DC0AAD /* Debug */ = {
			isa = XCBuildConfiguration;
			buildSettings = {
				ALWAYS_SEARCH_USER_PATHS = NO;
				CLANG_ANALYZER_NONNULL = YES;
				CLANG_ANALYZER_NUMBER_OBJECT_CONVERSION = YES_AGGRESSIVE;
				CLANG_CXX_LANGUAGE_STANDARD = "gnu++17";
				CLANG_CXX_LIBRARY = "libc++";
				CLANG_ENABLE_MODULES = YES;
				CLANG_ENABLE_OBJC_ARC = YES;
				CLANG_ENABLE_OBJC_WEAK = YES;
				CLANG_WARN_BLOCK_CAPTURE_AUTORELEASING = YES;
				CLANG_WARN_BOOL_CONVERSION = YES;
				CLANG_WARN_COMMA = YES;
				CLANG_WARN_CONSTANT_CONVERSION = YES;
				CLANG_WARN_DEPRECATED_OBJC_IMPLEMENTATIONS = YES;
				CLANG_WARN_DIRECT_OBJC_ISA_USAGE = YES_ERROR;
				CLANG_WARN_DOCUMENTATION_COMMENTS = YES;
				CLANG_WARN_EMPTY_BODY = YES;
				CLANG_WARN_ENUM_CONVERSION = YES;
				CLANG_WARN_INFINITE_RECURSION = YES;
				CLANG_WARN_INT_CONVERSION = YES;
				CLANG_WARN_NON_LITERAL_NULL_CONVERSION = YES;
				CLANG_WARN_OBJC_IMPLICIT_RETAIN_SELF = YES;
				CLANG_WARN_OBJC_LITERAL_CONVERSION = YES;
				CLANG_WARN_OBJC_ROOT_CLASS = YES_ERROR;
				CLANG_WARN_QUOTED_INCLUDE_IN_FRAMEWORK_HEADER = YES;
				CLANG_WARN_RANGE_LOOP_ANALYSIS = YES;
				CLANG_WARN_STRICT_PROTOTYPES = YES;
				CLANG_WARN_SUSPICIOUS_MOVE = YES;
				CLANG_WARN_UNGUARDED_AVAILABILITY = YES_AGGRESSIVE;
				CLANG_WARN_UNREACHABLE_CODE = YES;
				CLANG_WARN__DUPLICATE_METHOD_MATCH = YES;
				COPY_PHASE_STRIP = NO;
				DEBUG_INFORMATION_FORMAT = dwarf;
				ENABLE_STRICT_OBJC_MSGSEND = YES;
				ENABLE_TESTABILITY = YES;
				GCC_C_LANGUAGE_STANDARD = gnu11;
				GCC_DYNAMIC_NO_PIC = NO;
				GCC_NO_COMMON_BLOCKS = YES;
				GCC_OPTIMIZATION_LEVEL = 0;
				GCC_PREPROCESSOR_DEFINITIONS = (
					"DEBUG=1",
					"$(inherited)",
				);
				GCC_WARN_64_TO_32_BIT_CONVERSION = YES;
				GCC_WARN_ABOUT_RETURN_TYPE = YES_ERROR;
				GCC_WARN_UNDECLARED_SELECTOR = YES;
				GCC_WARN_UNINITIALIZED_AUTOS = YES_AGGRESSIVE;
				GCC_WARN_UNUSED_FUNCTION = YES;
				GCC_WARN_UNUSED_VARIABLE = YES;
				IPHONEOS_DEPLOYMENT_TARGET = 15.0;
				MTL_ENABLE_DEBUG_INFO = INCLUDE_SOURCE;
				MTL_FAST_MATH = YES;
				ONLY_ACTIVE_ARCH = YES;
				SDKROOT = iphoneos;
				SWIFT_ACTIVE_COMPILATION_CONDITIONS = DEBUG;
				SWIFT_OPTIMIZATION_LEVEL = "-Onone";
			};
			name = Debug;
		};
		E2E155A0271010BD00DC0AAD /* Release */ = {
			isa = XCBuildConfiguration;
			buildSettings = {
				ALWAYS_SEARCH_USER_PATHS = NO;
				CLANG_ANALYZER_NONNULL = YES;
				CLANG_ANALYZER_NUMBER_OBJECT_CONVERSION = YES_AGGRESSIVE;
				CLANG_CXX_LANGUAGE_STANDARD = "gnu++17";
				CLANG_CXX_LIBRARY = "libc++";
				CLANG_ENABLE_MODULES = YES;
				CLANG_ENABLE_OBJC_ARC = YES;
				CLANG_ENABLE_OBJC_WEAK = YES;
				CLANG_WARN_BLOCK_CAPTURE_AUTORELEASING = YES;
				CLANG_WARN_BOOL_CONVERSION = YES;
				CLANG_WARN_COMMA = YES;
				CLANG_WARN_CONSTANT_CONVERSION = YES;
				CLANG_WARN_DEPRECATED_OBJC_IMPLEMENTATIONS = YES;
				CLANG_WARN_DIRECT_OBJC_ISA_USAGE = YES_ERROR;
				CLANG_WARN_DOCUMENTATION_COMMENTS = YES;
				CLANG_WARN_EMPTY_BODY = YES;
				CLANG_WARN_ENUM_CONVERSION = YES;
				CLANG_WARN_INFINITE_RECURSION = YES;
				CLANG_WARN_INT_CONVERSION = YES;
				CLANG_WARN_NON_LITERAL_NULL_CONVERSION = YES;
				CLANG_WARN_OBJC_IMPLICIT_RETAIN_SELF = YES;
				CLANG_WARN_OBJC_LITERAL_CONVERSION = YES;
				CLANG_WARN_OBJC_ROOT_CLASS = YES_ERROR;
				CLANG_WARN_QUOTED_INCLUDE_IN_FRAMEWORK_HEADER = YES;
				CLANG_WARN_RANGE_LOOP_ANALYSIS = YES;
				CLANG_WARN_STRICT_PROTOTYPES = YES;
				CLANG_WARN_SUSPICIOUS_MOVE = YES;
				CLANG_WARN_UNGUARDED_AVAILABILITY = YES_AGGRESSIVE;
				CLANG_WARN_UNREACHABLE_CODE = YES;
				CLANG_WARN__DUPLICATE_METHOD_MATCH = YES;
				COPY_PHASE_STRIP = NO;
				DEBUG_INFORMATION_FORMAT = "dwarf-with-dsym";
				ENABLE_NS_ASSERTIONS = NO;
				ENABLE_STRICT_OBJC_MSGSEND = YES;
				GCC_C_LANGUAGE_STANDARD = gnu11;
				GCC_NO_COMMON_BLOCKS = YES;
				GCC_WARN_64_TO_32_BIT_CONVERSION = YES;
				GCC_WARN_ABOUT_RETURN_TYPE = YES_ERROR;
				GCC_WARN_UNDECLARED_SELECTOR = YES;
				GCC_WARN_UNINITIALIZED_AUTOS = YES_AGGRESSIVE;
				GCC_WARN_UNUSED_FUNCTION = YES;
				GCC_WARN_UNUSED_VARIABLE = YES;
				IPHONEOS_DEPLOYMENT_TARGET = 15.0;
				MTL_ENABLE_DEBUG_INFO = NO;
				MTL_FAST_MATH = YES;
				SDKROOT = iphoneos;
				SWIFT_COMPILATION_MODE = wholemodule;
				SWIFT_OPTIMIZATION_LEVEL = "-O";
				VALIDATE_PRODUCT = YES;
			};
			name = Release;
		};
		E2E155A2271010BD00DC0AAD /* Debug */ = {
			isa = XCBuildConfiguration;
			baseConfigurationReference = B0B9021FFD916AA42D5DD1F9 /* Pods-Spotify.debug.xcconfig */;
			buildSettings = {
				ASSETCATALOG_COMPILER_APPICON_NAME = AppIcon;
				ASSETCATALOG_COMPILER_GLOBAL_ACCENT_COLOR_NAME = AccentColor;
				CODE_SIGN_STYLE = Automatic;
				CURRENT_PROJECT_VERSION = 1;
				DEVELOPMENT_TEAM = 928M2K6R36;
				GENERATE_INFOPLIST_FILE = YES;
				INFOPLIST_FILE = Spotify/Info.plist;
				INFOPLIST_KEY_UIApplicationSupportsIndirectInputEvents = YES;
				INFOPLIST_KEY_UILaunchStoryboardName = LaunchScreen;
				INFOPLIST_KEY_UISupportedInterfaceOrientations_iPad = "UIInterfaceOrientationPortrait UIInterfaceOrientationPortraitUpsideDown UIInterfaceOrientationLandscapeLeft UIInterfaceOrientationLandscapeRight";
				INFOPLIST_KEY_UISupportedInterfaceOrientations_iPhone = "UIInterfaceOrientationPortrait UIInterfaceOrientationLandscapeLeft UIInterfaceOrientationLandscapeRight";
				LD_RUNPATH_SEARCH_PATHS = (
					"$(inherited)",
					"@executable_path/Frameworks",
				);
				MARKETING_VERSION = 1.0;
				PRODUCT_BUNDLE_IDENTIFIER = com.jay.Spotify;
				PRODUCT_NAME = "$(TARGET_NAME)";
				SWIFT_EMIT_LOC_STRINGS = YES;
				SWIFT_VERSION = 5.0;
				TARGETED_DEVICE_FAMILY = "1,2";
			};
			name = Debug;
		};
		E2E155A3271010BD00DC0AAD /* Release */ = {
			isa = XCBuildConfiguration;
			baseConfigurationReference = F9BD1B3346EA192953C2F8B9 /* Pods-Spotify.release.xcconfig */;
			buildSettings = {
				ASSETCATALOG_COMPILER_APPICON_NAME = AppIcon;
				ASSETCATALOG_COMPILER_GLOBAL_ACCENT_COLOR_NAME = AccentColor;
				CODE_SIGN_STYLE = Automatic;
				CURRENT_PROJECT_VERSION = 1;
				DEVELOPMENT_TEAM = 928M2K6R36;
				GENERATE_INFOPLIST_FILE = YES;
				INFOPLIST_FILE = Spotify/Info.plist;
				INFOPLIST_KEY_UIApplicationSupportsIndirectInputEvents = YES;
				INFOPLIST_KEY_UILaunchStoryboardName = LaunchScreen;
				INFOPLIST_KEY_UISupportedInterfaceOrientations_iPad = "UIInterfaceOrientationPortrait UIInterfaceOrientationPortraitUpsideDown UIInterfaceOrientationLandscapeLeft UIInterfaceOrientationLandscapeRight";
				INFOPLIST_KEY_UISupportedInterfaceOrientations_iPhone = "UIInterfaceOrientationPortrait UIInterfaceOrientationLandscapeLeft UIInterfaceOrientationLandscapeRight";
				LD_RUNPATH_SEARCH_PATHS = (
					"$(inherited)",
					"@executable_path/Frameworks",
				);
				MARKETING_VERSION = 1.0;
				PRODUCT_BUNDLE_IDENTIFIER = com.jay.Spotify;
				PRODUCT_NAME = "$(TARGET_NAME)";
				SWIFT_EMIT_LOC_STRINGS = YES;
				SWIFT_VERSION = 5.0;
				TARGETED_DEVICE_FAMILY = "1,2";
			};
			name = Release;
		};
/* End XCBuildConfiguration section */

/* Begin XCConfigurationList section */
		E2E15588271010B800DC0AAD /* Build configuration list for PBXProject "Spotify" */ = {
			isa = XCConfigurationList;
			buildConfigurations = (
				E2E1559F271010BD00DC0AAD /* Debug */,
				E2E155A0271010BD00DC0AAD /* Release */,
			);
			defaultConfigurationIsVisible = 0;
			defaultConfigurationName = Release;
		};
		E2E155A1271010BD00DC0AAD /* Build configuration list for PBXNativeTarget "Spotify" */ = {
			isa = XCConfigurationList;
			buildConfigurations = (
				E2E155A2271010BD00DC0AAD /* Debug */,
				E2E155A3271010BD00DC0AAD /* Release */,
			);
			defaultConfigurationIsVisible = 0;
			defaultConfigurationName = Release;
		};
/* End XCConfigurationList section */
	};
	rootObject = E2E15585271010B800DC0AAD /* Project object */;
}
